
Microsoft Visual Studio Solution File, Format Version 12.00
# Visual Studio Version 16
VisualStudioVersion = 16.0.31515.178
MinimumVisualStudioVersion = 10.0.40219.1
Project("{FAE04EC0-301F-11D3-BF4B-00C04F79EFBC}") = "BlockchainWebApplication", "BlockchainWebApplication\BlockchainWebApplication.csproj", "{7A599613-6BD2-4FF4-81D0-5C8E510E671E}"
EndProject
Project("{FAE04EC0-301F-11D3-BF4B-00C04F79EFBC}") = "DataLayer", "DataLayer\DataLayer.csproj", "{F94E89C5-200D-4E5D-A2FC-A3B9BFBCCE74}"
EndProject
Project("{FAE04EC0-301F-11D3-BF4B-00C04F79EFBC}") = "BusinessLayer", "BusinessLayer\BusinessLayer.csproj", "{156C4ED6-EFAE-4808-90B1-BB9767003BA8}"
EndProject
Global
	GlobalSection(SolutionConfigurationPlatforms) = preSolution
		Debug|Any CPU = Debug|Any CPU
		Release|Any CPU = Release|Any CPU
	EndGlobalSection
	GlobalSection(ProjectConfigurationPlatforms) = postSolution
		{7A599613-6BD2-4FF4-81D0-5C8E510E671E}.Debug|Any CPU.ActiveCfg = Debug|Any CPU
		{7A599613-6BD2-4FF4-81D0-5C8E510E671E}.Debug|Any CPU.Build.0 = Debug|Any CPU
		{7A599613-6BD2-4FF4-81D0-5C8E510E671E}.Release|Any CPU.ActiveCfg = Release|Any CPU
		{7A599613-6BD2-4FF4-81D0-5C8E510E671E}.Release|Any CPU.Build.0 = Release|Any CPU
		{F94E89C5-200D-4E5D-A2FC-A3B9BFBCCE74}.Debug|Any CPU.ActiveCfg = Debug|Any CPU
		{F94E89C5-200D-4E5D-A2FC-A3B9BFBCCE74}.Debug|Any CPU.Build.0 = Debug|Any CPU
		{F94E89C5-200D-4E5D-A2FC-A3B9BFBCCE74}.Release|Any CPU.ActiveCfg = Release|Any CPU
		{F94E89C5-200D-4E5D-A2FC-A3B9BFBCCE74}.Release|Any CPU.Build.0 = Release|Any CPU
		{156C4ED6-EFAE-4808-90B1-BB9767003BA8}.Debug|Any CPU.ActiveCfg = Debug|Any CPU
		{156C4ED6-EFAE-4808-90B1-BB9767003BA8}.Debug|Any CPU.Build.0 = Debug|Any CPU
		{156C4ED6-EFAE-4808-90B1-BB9767003BA8}.Release|Any CPU.ActiveCfg = Release|Any CPU
		{156C4ED6-EFAE-4808-90B1-BB9767003BA8}.Release|Any CPU.Build.0 = Release|Any CPU
	EndGlobalSection
	GlobalSection(SolutionProperties) = preSolution
		HideSolutionNode = FALSE
	EndGlobalSection
	GlobalSection(ExtensibilityGlobals) = postSolution
		SolutionGuid = {9A149B52-57D7-4A9B-8541-102FF27ABE74}
	EndGlobalSection
EndGlobal
